
Microsoft Visual Studio Solution File, Format Version 12.00
# Visual Studio Version 16
VisualStudioVersion = 16.0.30907.101
MinimumVisualStudioVersion = 10.0.40219.1
Project("{8BC9CEB8-8B4A-11D0-8D11-00A0C91BC942}") = "EX7_1", "EX7_1\EX7_1.vcxproj", "{C7D8171B-1655-4824-830E-7F941DABA936}"
EndProject
Project("{8BC9CEB8-8B4A-11D0-8D11-00A0C91BC942}") = "EX7_2", "EX7_2\EX7_2.vcxproj", "{0AB8B667-03D4-4653-AEF1-5F1FEF6984EA}"
EndProject
Project("{8BC9CEB8-8B4A-11D0-8D11-00A0C91BC942}") = "EX7_1(Optional)", "EX7_1(Optional)\EX7_1(Optional).vcxproj", "{36E08C38-8F3D-4DC7-B99C-B468159FC365}"
EndProject
Global
	GlobalSection(SolutionConfigurationPlatforms) = preSolution
		Debug|x64 = Debug|x64
		Debug|x86 = Debug|x86
		Release|x64 = Release|x64
		Release|x86 = Release|x86
	EndGlobalSection
	GlobalSection(ProjectConfigurationPlatforms) = postSolution
		{C7D8171B-1655-4824-830E-7F941DABA936}.Debug|x64.ActiveCfg = Debug|x64
		{C7D8171B-1655-4824-830E-7F941DABA936}.Debug|x64.Build.0 = Debug|x64
		{C7D8171B-1655-4824-830E-7F941DABA936}.Debug|x86.ActiveCfg = Debug|Win32
		{C7D8171B-1655-4824-830E-7F941DABA936}.Debug|x86.Build.0 = Debug|Win32
		{C7D8171B-1655-4824-830E-7F941DABA936}.Release|x64.ActiveCfg = Release|x64
		{C7D8171B-1655-4824-830E-7F941DABA936}.Release|x64.Build.0 = Release|x64
		{C7D8171B-1655-4824-830E-7F941DABA936}.Release|x86.ActiveCfg = Release|Win32
		{C7D8171B-1655-4824-830E-7F941DABA936}.Release|x86.Build.0 = Release|Win32
		{0AB8B667-03D4-4653-AEF1-5F1FEF6984EA}.Debug|x64.ActiveCfg = Debug|x64
		{0AB8B667-03D4-4653-AEF1-5F1FEF6984EA}.Debug|x64.Build.0 = Debug|x64
		{0AB8B667-03D4-4653-AEF1-5F1FEF6984EA}.Debug|x86.ActiveCfg = Debug|Win32
		{0AB8B667-03D4-4653-AEF1-5F1FEF6984EA}.Debug|x86.Build.0 = Debug|Win32
		{0AB8B667-03D4-4653-AEF1-5F1FEF6984EA}.Release|x64.ActiveCfg = Release|x64
		{0AB8B667-03D4-4653-AEF1-5F1FEF6984EA}.Release|x64.Build.0 = Release|x64
		{0AB8B667-03D4-4653-AEF1-5F1FEF6984EA}.Release|x86.ActiveCfg = Release|Win32
		{0AB8B667-03D4-4653-AEF1-5F1FEF6984EA}.Release|x86.Build.0 = Release|Win32
		{36E08C38-8F3D-4DC7-B99C-B468159FC365}.Debug|x64.ActiveCfg = Debug|x64
		{36E08C38-8F3D-4DC7-B99C-B468159FC365}.Debug|x64.Build.0 = Debug|x64
		{36E08C38-8F3D-4DC7-B99C-B468159FC365}.Debug|x86.ActiveCfg = Debug|Win32
		{36E08C38-8F3D-4DC7-B99C-B468159FC365}.Debug|x86.Build.0 = Debug|Win32
		{36E08C38-8F3D-4DC7-B99C-B468159FC365}.Release|x64.ActiveCfg = Release|x64
		{36E08C38-8F3D-4DC7-B99C-B468159FC365}.Release|x64.Build.0 = Release|x64
		{36E08C38-8F3D-4DC7-B99C-B468159FC365}.Release|x86.ActiveCfg = Release|Win32
		{36E08C38-8F3D-4DC7-B99C-B468159FC365}.Release|x86.Build.0 = Release|Win32
	EndGlobalSection
	GlobalSection(SolutionProperties) = preSolution
		HideSolutionNode = FALSE
	EndGlobalSection
	GlobalSection(ExtensibilityGlobals) = postSolution
		SolutionGuid = {82C31820-456F-4975-AEE8-874B878B74EA}
	EndGlobalSection
EndGlobal
